<?xml version="1.0" encoding="utf-8"?>
<Project ToolsVersion="4.0" xmlns="http://schemas.microsoft.com/developer/msbuild/2003">
  <ItemGroup>
    <Filter Include="源文件">
      <UniqueIdentifier>{4FC737F1-C7A5-4376-A066-2A32D752A2FF}</UniqueIdentifier>
      <Extensions>cpp;c;cc;cxx;c++;cppm;ixx;def;odl;idl;hpj;bat;asm;asmx</Extensions>
    </Filter>
    <Filter Include="头文件">
      <UniqueIdentifier>{93995380-89BD-4b04-88EB-625FBE52EBFB}</UniqueIdentifier>
      <Extensions>h;hh;hpp;hxx;h++;hm;inl;inc;ipp;xsd</Extensions>
    </Filter>
    <Filter Include="资源文件">
      <UniqueIdentifier>{67DA6AB6-F800-4c08-8B7A-83BB121AAD01}</UniqueIdentifier>
      <Extensions>rc;ico;cur;bmp;dlg;rc2;rct;bin;rgs;gif;jpg;jpeg;jpe;resx;tiff;tif;png;wav;mfcribbon-ms</Extensions>
    </Filter>
  </ItemGroup>
  <ItemGroup>
    <ClCompile Include="攀爬者.cpp">
      <Filter>源文件</Filter>
    </ClCompile>
    <ClCompile Include="P1012 [NOIP1998 提高组] 拼数.cpp">
      <Filter>源文件</Filter>
    </ClCompile>
    <ClCompile Include="P1104 生日.cpp">
      <Filter>源文件</Filter>
    </ClCompile>
    <ClCompile Include="new函数.cpp">
      <Filter>源文件</Filter>
    </ClCompile>
    <ClCompile Include="P1706 全排列问题.cpp">
      <Filter>源文件</Filter>
    </ClCompile>
    <ClCompile Include="P4956_COCI2017-2018_6_Davor.cpp">
      <Filter>源文件</Filter>
    </ClCompile>
    <ClCompile Include="B2004 对齐输出.cpp">
      <Filter>源文件</Filter>
    </ClCompile>
    <ClCompile Include="P2141 [NOIP2014 普及组] 珠心算测验.cpp">
      <Filter>源文件</Filter>
    </ClCompile>
    <ClCompile Include="P5737 【深基7.例3】闰年展示.cpp">
      <Filter>源文件</Filter>
    </ClCompile>
    <ClCompile Include="P1152 欢乐的跳.cpp">
      <Filter>源文件</Filter>
    </ClCompile>
    <ClCompile Include="P1271 【深基9.例1】选举学生会.cpp">
      <Filter>源文件</Filter>
    </ClCompile>
    <ClCompile Include="P1192 台阶问题.cpp">
      <Filter>源文件</Filter>
    </ClCompile>
    <ClCompile Include="P1255 数楼梯.cpp">
      <Filter>源文件</Filter>
    </ClCompile>
    <ClCompile Include="P1075 [NOIP2012 普及组] 质因数分解.cpp">
      <Filter>源文件</Filter>
    </ClCompile>
    <ClCompile Include="指定个数全排列.cpp">
      <Filter>源文件</Filter>
    </ClCompile>
    <ClCompile Include="P2191 小Z的情书.cpp">
      <Filter>源文件</Filter>
    </ClCompile>
    <ClCompile Include="P1028 [NOIP2001 普及组] 数的计算.cpp">
      <Filter>源文件</Filter>
    </ClCompile>
    <ClCompile Include="P1469 找筷子.cpp">
      <Filter>源文件</Filter>
    </ClCompile>
    <ClCompile Include="P1008 [NOIP1998 普及组] 三连击.cpp">
      <Filter>源文件</Filter>
    </ClCompile>
    <ClCompile Include="P1115 最大子段和(动态规划).cpp">
      <Filter>源文件</Filter>
    </ClCompile>
    <ClCompile Include="P1147 连续自然数和.cpp">
      <Filter>源文件</Filter>
    </ClCompile>
    <ClCompile Include="P1163 银行贷款{X%29.cpp">
      <Filter>源文件</Filter>
    </ClCompile>
  </ItemGroup>
</Project>