<?xml version="1.0" encoding="utf-8"?>
<Project ToolsVersion="4.0" xmlns="http://schemas.microsoft.com/developer/msbuild/2003">
  <ItemGroup>
    <Filter Include="源文件">
      <UniqueIdentifier>{4FC737F1-C7A5-4376-A066-2A32D752A2FF}</UniqueIdentifier>
      <Extensions>cpp;c;cc;cxx;c++;cppm;ixx;def;odl;idl;hpj;bat;asm;asmx</Extensions>
    </Filter>
    <Filter Include="头文件">
      <UniqueIdentifier>{93995380-89BD-4b04-88EB-625FBE52EBFB}</UniqueIdentifier>
      <Extensions>h;hh;hpp;hxx;h++;hm;inl;inc;ipp;xsd</Extensions>
    </Filter>
    <Filter Include="资源文件">
      <UniqueIdentifier>{67DA6AB6-F800-4c08-8B7A-83BB121AAD01}</UniqueIdentifier>
      <Extensions>rc;ico;cur;bmp;dlg;rc2;rct;bin;rgs;gif;jpg;jpeg;jpe;resx;tiff;tif;png;wav;mfcribbon-ms</Extensions>
    </Filter>
  </ItemGroup>
  <ItemGroup>
    <ClCompile Include="P4913 【深基16.例3】二叉树深度.cpp">
      <Filter>源文件</Filter>
    </ClCompile>
    <ClCompile Include="P1305 新二叉树.cpp">
      <Filter>源文件</Filter>
    </ClCompile>
    <ClCompile Include="P3884 [JLOI2009]二叉树问题.cpp">
      <Filter>源文件</Filter>
    </ClCompile>
    <ClCompile Include="P5076 【深基16.例7】普通二叉树（简化版）.cpp">
      <Filter>源文件</Filter>
    </ClCompile>
    <ClCompile Include="进制间的相互转换.cpp">
      <Filter>源文件</Filter>
    </ClCompile>
    <ClCompile Include="字符串操作.cpp">
      <Filter>源文件</Filter>
    </ClCompile>
    <ClCompile Include="逻辑运算.cpp">
      <Filter>源文件</Filter>
    </ClCompile>
    <ClCompile Include="STL的使用-算法.cpp">
      <Filter>源文件</Filter>
    </ClCompile>
    <ClCompile Include="STL的使用-容器.cpp">
      <Filter>源文件</Filter>
    </ClCompile>
    <ClCompile Include="P5076 【深基16.例7】普通二叉树（简化版）multiset.cpp">
      <Filter>源文件</Filter>
    </ClCompile>
    <ClCompile Include="P5076 【深基16.例7】普通二叉树（简化版）vector.cpp">
      <Filter>源文件</Filter>
    </ClCompile>
    <ClCompile Include="P1165 日志分析.cpp">
      <Filter>源文件</Filter>
    </ClCompile>
    <ClCompile Include="P4387 【深基15.习9】验证栈序列.cpp">
      <Filter>源文件</Filter>
    </ClCompile>
    <ClCompile Include="P1364 医院设置.cpp">
      <Filter>源文件</Filter>
    </ClCompile>
    <ClCompile Include="P2234 [HNOI2002]营业额统计.cpp">
      <Filter>源文件</Filter>
    </ClCompile>
    <ClCompile Include="T249186 gcd.cpp">
      <Filter>源文件</Filter>
    </ClCompile>
    <ClCompile Include="T249186 gcd2.cpp">
      <Filter>源文件</Filter>
    </ClCompile>
    <ClCompile Include="T231656 不等价交换法则.cpp">
      <Filter>源文件</Filter>
    </ClCompile>
    <ClCompile Include="T231920 虹色的北斗七星.cpp">
      <Filter>源文件</Filter>
    </ClCompile>
    <ClCompile Include="P8445 射命丸文的取材之旅.cpp">
      <Filter>源文件</Filter>
    </ClCompile>
    <ClCompile Include="T246836 [LSOT-1] 暴龙的土豆.cpp">
      <Filter>源文件</Filter>
    </ClCompile>
    <ClCompile Include="P1536 村村通.cpp">
      <Filter>源文件</Filter>
    </ClCompile>
    <ClCompile Include="P1873 [COCI 2011_2012 No 5] EKO  砍树.cpp">
      <Filter>源文件</Filter>
    </ClCompile>
    <ClCompile Include="P5250 【深基17.例5】木材仓库.cpp">
      <Filter>源文件</Filter>
    </ClCompile>
    <ClCompile Include="P1100 高低位交换.cpp">
      <Filter>源文件</Filter>
    </ClCompile>
    <ClCompile Include="P1866 编号.cpp">
      <Filter>源文件</Filter>
    </ClCompile>
    <ClCompile Include="P1443 马的遍历.cpp">
      <Filter>源文件</Filter>
    </ClCompile>
    <ClCompile Include="P1135 奇怪的电梯.cpp">
      <Filter>源文件</Filter>
    </ClCompile>
    <ClCompile Include="P1747 好奇怪的游戏.cpp">
      <Filter>源文件</Filter>
    </ClCompile>
    <ClCompile Include="P1126 机器人搬重物.cpp">
      <Filter>源文件</Filter>
    </ClCompile>
    <ClCompile Include="next_permutation.cpp">
      <Filter>源文件</Filter>
    </ClCompile>
    <ClCompile Include="P1683 入门.cpp">
      <Filter>源文件</Filter>
    </ClCompile>
    <ClCompile Include="P1596 [USACO10OCT]Lake Counting .cpp">
      <Filter>源文件</Filter>
    </ClCompile>
    <ClCompile Include="P1219 [USACO1.5]八皇后 Checker Challenge.cpp">
      <Filter>源文件</Filter>
    </ClCompile>
    <ClCompile Include="P1123 取数游戏.cpp">
      <Filter>源文件</Filter>
    </ClCompile>
    <ClCompile Include="T250224 （A）「SWTR-8」15B03.cpp">
      <Filter>源文件</Filter>
    </ClCompile>
    <ClCompile Include="T248751 （D）「SWTR-8」扫雷计数.cpp">
      <Filter>源文件</Filter>
    </ClCompile>
    <ClCompile Include="T248749 （B）「SWTR-8」美元巨大.cpp">
      <Filter>源文件</Filter>
    </ClCompile>
    <ClCompile Include="P1706 全排列问题.cpp">
      <Filter>源文件</Filter>
    </ClCompile>
    <ClCompile Include="P1451 求细胞数量.cpp">
      <Filter>源文件</Filter>
    </ClCompile>
    <ClCompile Include="P3072 [USACO13FEB]Perimeter S.cpp">
      <Filter>源文件</Filter>
    </ClCompile>
    <ClCompile Include="P5318 【深基18.例3】查找文献.cpp">
      <Filter>源文件</Filter>
    </ClCompile>
    <ClCompile Include="stack.cpp">
      <Filter>源文件</Filter>
    </ClCompile>
    <ClCompile Include="P1236 算24点.cpp">
      <Filter>源文件</Filter>
    </ClCompile>
    <ClCompile Include="查询二十四点是否成立.cpp">
      <Filter>源文件</Filter>
    </ClCompile>
    <ClCompile Include="判断二十四点是否成立stack.cpp">
      <Filter>源文件</Filter>
    </ClCompile>
    <ClCompile Include="queue.cpp">
      <Filter>源文件</Filter>
    </ClCompile>
    <ClCompile Include="1755 - 【基础】丑数判断.cpp">
      <Filter>源文件</Filter>
    </ClCompile>
    <ClCompile Include="1789 - 【入门】双向队列.cpp">
      <Filter>源文件</Filter>
    </ClCompile>
    <ClCompile Include="杨辉三角.cpp">
      <Filter>源文件</Filter>
    </ClCompile>
    <ClCompile Include="P1901 发射站.cpp">
      <Filter>源文件</Filter>
    </ClCompile>
    <ClCompile Include="1326 - 【入门】需要安排几位师傅加工零件？.cpp">
      <Filter>源文件</Filter>
    </ClCompile>
    <ClCompile Include="1228 - 【基础】排队打水问题.cpp">
      <Filter>源文件</Filter>
    </ClCompile>
    <ClCompile Include="1229 - 【提高】拦截导弹的系统数量求解.cpp">
      <Filter>源文件</Filter>
    </ClCompile>
    <ClCompile Include="1372 - 【基础】活动选择.cpp">
      <Filter>源文件</Filter>
    </ClCompile>
    <ClCompile Include="P1228 地毯填补问题.cpp">
      <Filter>源文件</Filter>
    </ClCompile>
    <ClCompile Include="P1823 [COI2007] Patrik 音乐会的等待.cpp">
      <Filter>源文件</Filter>
    </ClCompile>
    <ClCompile Include="1586 - 【入门】扫地机器人.cpp">
      <Filter>源文件</Filter>
    </ClCompile>
    <ClCompile Include="1430 - 【基础】迷宫出口.cpp">
      <Filter>源文件</Filter>
    </ClCompile>
    <ClCompile Include="1434 - 【基础】数池塘（四方向）.cpp">
      <Filter>源文件</Filter>
    </ClCompile>
    <ClCompile Include="1432 - 【基础】走出迷宫的最少步数.cpp">
      <Filter>源文件</Filter>
    </ClCompile>
    <ClCompile Include="1308 - 【基础】全排列的结果.cpp">
      <Filter>源文件</Filter>
    </ClCompile>
    <ClCompile Include="P1132 数字生成游戏.cpp">
      <Filter>源文件</Filter>
    </ClCompile>
    <ClCompile Include="1383 - 【提高】奶牛和草丛.cpp">
      <Filter>源文件</Filter>
    </ClCompile>
    <ClCompile Include="1435 - 【基础】数池塘（八方向）.cpp">
      <Filter>源文件</Filter>
    </ClCompile>
    <ClCompile Include="P1228 地毯填补问题 分治.cpp">
      <Filter>源文件</Filter>
    </ClCompile>
    <ClCompile Include="1236 - 【入门】二分查找.cpp">
      <Filter>源文件</Filter>
    </ClCompile>
    <ClCompile Include="1236 - 【入门】二分查找 循环.cpp">
      <Filter>源文件</Filter>
    </ClCompile>
    <ClCompile Include="1010 - 【入门】数组元素的排序.cpp">
      <Filter>源文件</Filter>
    </ClCompile>
    <ClCompile Include="P1024 [NOIP2001 提高组] 一元三次方程求解.cpp">
      <Filter>源文件</Filter>
    </ClCompile>
    <ClCompile Include="1377 - 【提高】循环赛日程表.cpp">
      <Filter>源文件</Filter>
    </ClCompile>
    <ClCompile Include="T238894 奶油蛋糕.cpp">
      <Filter>源文件</Filter>
    </ClCompile>
    <ClCompile Include="T226082 深潜的第六兽.cpp">
      <Filter>源文件</Filter>
    </ClCompile>
    <ClCompile Include="T226082 深潜的第六兽   map .cpp">
      <Filter>源文件</Filter>
    </ClCompile>
    <ClCompile Include="T236282 渺茫的希望.cpp">
      <Filter>源文件</Filter>
    </ClCompile>
    <ClCompile Include="1751 - 【入门】快乐的马里奥.cpp">
      <Filter>源文件</Filter>
    </ClCompile>
    <ClCompile Include="2276 - 【基础】求逆序对问题.cpp">
      <Filter>源文件</Filter>
    </ClCompile>
    <ClCompile Include="2396 - 【提高】求排列的逆序数.cpp">
      <Filter>源文件</Filter>
    </ClCompile>
    <ClCompile Include="T258478 [Aya Round 1 A] 幻想乡扑克游戏.cpp">
      <Filter>源文件</Filter>
    </ClCompile>
    <ClCompile Include="T258573 [Aya Round 1 B] 幻想乡麻将游戏.cpp">
      <Filter>源文件</Filter>
    </ClCompile>
    <ClCompile Include="T258418 [Aya Round 1 D] 文文的数学游戏.cpp">
      <Filter>源文件</Filter>
    </ClCompile>
    <ClCompile Include="1443 - 【提高】泉水.cpp">
      <Filter>源文件</Filter>
    </ClCompile>
    <ClCompile Include="1441 - 【提高】骑士牛.cpp">
      <Filter>源文件</Filter>
    </ClCompile>
    <ClCompile Include="P7909 [CSP-J 2021] 分糖果.cpp">
      <Filter>源文件</Filter>
    </ClCompile>
    <ClCompile Include="P7910 [CSP-J 2021] 插入排序16pts.cpp">
      <Filter>源文件</Filter>
    </ClCompile>
    <ClCompile Include="P7911 [CSP-J 2021] 网络连接.cpp">
      <Filter>源文件</Filter>
    </ClCompile>
    <ClCompile Include="P7912 [CSP-J 2021] 小熊的果篮.cpp">
      <Filter>源文件</Filter>
    </ClCompile>
    <ClCompile Include="1216 - 【基础】数塔问题.cpp">
      <Filter>源文件</Filter>
    </ClCompile>
    <ClCompile Include="1589 - 【基础】最大部分和（连续部分和）.cpp">
      <Filter>源文件</Filter>
    </ClCompile>
    <ClCompile Include="1794 - 【基础】最长不下降子序列（LIS）.cpp">
      <Filter>源文件</Filter>
    </ClCompile>
    <ClCompile Include="1649 - 【入门】前缀最大值.cpp">
      <Filter>源文件</Filter>
    </ClCompile>
    <ClCompile Include="1653 - 【基础】取数.cpp">
      <Filter>源文件</Filter>
    </ClCompile>
    <ClCompile Include="P1091 [NOIP2004 提高组] 合唱队形.cpp">
      <Filter>源文件</Filter>
    </ClCompile>
    <ClCompile Include="P2774 方格取数问题.cpp">
      <Filter>源文件</Filter>
    </ClCompile>
    <ClCompile Include="P1216 [USACO1.5][IOI1994]数字三角形 Number Triangles.cpp">
      <Filter>源文件</Filter>
    </ClCompile>
    <ClCompile Include="P1434 [SHOI2002] 滑.cpp">
      <Filter>源文件</Filter>
    </ClCompile>
    <ClCompile Include="P2196 [NOIP1996 提高组] 挖地雷.cpp">
      <Filter>源文件</Filter>
    </ClCompile>
    <ClCompile Include="P7910 [CSP-J 2021] 插入排序.cpp">
      <Filter>源文件</Filter>
    </ClCompile>
    <ClCompile Include="P1203 [USACO1.1] 坏掉的项链 Broken Necklace.cpp">
      <Filter>源文件</Filter>
    </ClCompile>
    <ClCompile Include="P5266 【深基17.例6】学籍管理.cpp">
      <Filter>源文件</Filter>
    </ClCompile>
    <ClCompile Include="U237281 制裁小明.cpp">
      <Filter>源文件</Filter>
    </ClCompile>
    <ClCompile Include="P1802 5 倍经验日.cpp">
      <Filter>源文件</Filter>
    </ClCompile>
    <ClCompile Include="P2814 家谱.cpp">
      <Filter>源文件</Filter>
    </ClCompile>
    <ClCompile Include="P4017 最大食物链计数.cpp">
      <Filter>源文件</Filter>
    </ClCompile>
    <ClCompile Include="P1616 疯狂的采药.cpp">
      <Filter>源文件</Filter>
    </ClCompile>
    <ClCompile Include="P1964 【mc生存】卖东西.cpp">
      <Filter>源文件</Filter>
    </ClCompile>
    <ClCompile Include="P1507 NASA的食物计划.cpp">
      <Filter>源文件</Filter>
    </ClCompile>
    <ClCompile Include="T264076 [NOIP2001 普及组] 求先序排列1.cpp">
      <Filter>源文件</Filter>
    </ClCompile>
    <ClCompile Include="T264077 [AHOI2016初中组]自行车比赛.cpp">
      <Filter>源文件</Filter>
    </ClCompile>
    <ClCompile Include="P2415 集合求和.cpp">
      <Filter>源文件</Filter>
    </ClCompile>
    <ClCompile Include="P3879 [TJOI2010] 阅读理解.cpp">
      <Filter>源文件</Filter>
    </ClCompile>
    <ClCompile Include="P4305 [JLOI2011]不重复数字.cpp">
      <Filter>源文件</Filter>
    </ClCompile>
    <ClCompile Include="P1892 [BOI2003]团伙.cpp">
      <Filter>源文件</Filter>
    </ClCompile>
    <ClCompile Include="P3370 【模板】字符串哈希.cpp">
      <Filter>源文件</Filter>
    </ClCompile>
    <ClCompile Include="P1955 [NOI2015] 程序自动分析.cpp">
      <Filter>源文件</Filter>
    </ClCompile>
    <ClCompile Include="P1718 图形复原1.cpp">
      <Filter>源文件</Filter>
    </ClCompile>
    <ClCompile Include="P1111 修复公路.cpp">
      <Filter>源文件</Filter>
    </ClCompile>
    <ClCompile Include="P2256 一中校运会之百米跑.cpp">
      <Filter>源文件</Filter>
    </ClCompile>
    <ClCompile Include="P1481 魔族密码.cpp">
      <Filter>源文件</Filter>
    </ClCompile>
    <ClCompile Include="P1858 多人背包.cpp">
      <Filter>源文件</Filter>
    </ClCompile>
    <ClCompile Include="P3405 [USACO16DEC]Cities and States S.cpp">
      <Filter>源文件</Filter>
    </ClCompile>
    <ClCompile Include="P1525 [NOIP2010 提高组] 关押罪犯.cpp">
      <Filter>源文件</Filter>
    </ClCompile>
    <ClCompile Include="P1138 第 k 小整数.cpp">
      <Filter>源文件</Filter>
    </ClCompile>
    <ClCompile Include="P1097 [NOIP2007 提高组] 统计数字.cpp">
      <Filter>源文件</Filter>
    </ClCompile>
    <ClCompile Include="P1862 输油管道问题.cpp">
      <Filter>源文件</Filter>
    </ClCompile>
    <ClCompile Include="P1889 士兵站队.cpp">
      <Filter>源文件</Filter>
    </ClCompile>
    <ClCompile Include="P1918 保龄球.cpp">
      <Filter>源文件</Filter>
    </ClCompile>
    <ClCompile Include="P1621 集合.cpp">
      <Filter>源文件</Filter>
    </ClCompile>
    <ClCompile Include="P5738 【深基7.例4】歌唱比赛.cpp">
      <Filter>源文件</Filter>
    </ClCompile>
    <ClCompile Include="P1011 [NOIP1998 提高组] 车站.cpp">
      <Filter>源文件</Filter>
    </ClCompile>
    <ClCompile Include="P1433 吃奶酪.cpp">
      <Filter>源文件</Filter>
    </ClCompile>
    <ClCompile Include="P5707 【深基2.例12】上学迟到.cpp">
      <Filter>源文件</Filter>
    </ClCompile>
    <ClCompile Include="P1308 [NOIP2011 普及组] 统计单词数.cpp">
      <Filter>源文件</Filter>
    </ClCompile>
    <ClCompile Include="T265989 PMTD.cpp">
      <Filter>源文件</Filter>
    </ClCompile>
    <ClCompile Include="T237756 Binary search骗分.cpp">
      <Filter>源文件</Filter>
    </ClCompile>
    <ClCompile Include="T233829 Number.cpp">
      <Filter>源文件</Filter>
    </ClCompile>
    <ClCompile Include="T237756 Binary search.cpp">
      <Filter>源文件</Filter>
    </ClCompile>
    <ClCompile Include="P1094 [NOIP2007 普及组] 纪念品分组.cpp">
      <Filter>源文件</Filter>
    </ClCompile>
    <ClCompile Include="P1090 [NOIP2004 提高组] 合并果子  [USACO06NOV] Fence Repair G.cpp">
      <Filter>源文件</Filter>
    </ClCompile>
    <ClCompile Include="P1968 美元汇率.cpp">
      <Filter>源文件</Filter>
    </ClCompile>
    <ClCompile Include="P1233 木棍加工.cpp">
      <Filter>源文件</Filter>
    </ClCompile>
    <ClCompile Include="P2094 运输.cpp">
      <Filter>源文件</Filter>
    </ClCompile>
    <ClCompile Include="P5761 [NOI1997] 最佳游览.cpp">
      <Filter>源文件</Filter>
    </ClCompile>
    <ClCompile Include="P2095 营养膳食.cpp">
      <Filter>源文件</Filter>
    </ClCompile>
    <ClCompile Include="P1908 逆序对.cpp">
      <Filter>源文件</Filter>
    </ClCompile>
    <ClCompile Include="P1045 [NOIP2003 普及组] 麦森数.cpp">
      <Filter>源文件</Filter>
    </ClCompile>
    <ClCompile Include="P1498 南蛮图腾.cpp">
      <Filter>源文件</Filter>
    </ClCompile>
    <ClCompile Include="P1678 烦恼的高考志愿.cpp">
      <Filter>源文件</Filter>
    </ClCompile>
    <ClCompile Include="P1141 01迷宫.cpp">
      <Filter>源文件</Filter>
    </ClCompile>
    <ClCompile Include="P6183 [USACO10MAR] The Rock Game S.cpp">
      <Filter>源文件</Filter>
    </ClCompile>
    <ClCompile Include="P6194 [EER1]苏联人.cpp">
      <Filter>源文件</Filter>
    </ClCompile>
    <ClCompile Include="P6330 [COCI2007-2008NO.1] CETVRTA.cpp">
      <Filter>源文件</Filter>
    </ClCompile>
    <ClCompile Include="P7533 [COCI2016-2017No.4] Bridž.cpp">
      <Filter>源文件</Filter>
    </ClCompile>
    <ClCompile Include="P8152 「PMOI-5」破译の论.cpp">
      <Filter>源文件</Filter>
    </ClCompile>
    <ClCompile Include="P2925 [USACO08DEC]Hay For Sale S.cpp">
      <Filter>源文件</Filter>
    </ClCompile>
    <ClCompile Include="P8410 「SvR-1」Don%27t Mozheng oh.cpp">
      <Filter>源文件</Filter>
    </ClCompile>
    <ClCompile Include="P2722 [USACO3.1]总分 Score Inflation.cpp">
      <Filter>源文件</Filter>
    </ClCompile>
    <ClCompile Include="T276370 冬之花.cpp">
      <Filter>源文件</Filter>
    </ClCompile>
    <ClCompile Include="T276371 Bassline.cpp">
      <Filter>源文件</Filter>
    </ClCompile>
    <ClCompile Include="T276371 Bassline2.cpp">
      <Filter>源文件</Filter>
    </ClCompile>
    <ClCompile Include="P8546 小挖的 X 献身.cpp">
      <Filter>源文件</Filter>
    </ClCompile>
    <ClCompile Include="P8547 小挖的时间.cpp">
      <Filter>源文件</Filter>
    </ClCompile>
    <ClCompile Include="P8548 小挖的买花.cpp">
      <Filter>源文件</Filter>
    </ClCompile>
    <ClCompile Include="P1893 山峰暸望.cpp">
      <Filter>源文件</Filter>
    </ClCompile>
    <ClCompile Include="P4432 [COCI2017-2018No.2] ​​ZigZag.cpp">
      <Filter>源文件</Filter>
    </ClCompile>
    <ClCompile Include="P4431 [COCI2017-2018No.2] ​Košnja.cpp">
      <Filter>源文件</Filter>
    </ClCompile>
    <ClCompile Include="P2677 [USACO07DEC]Bookshelf 2 B.cpp">
      <Filter>源文件</Filter>
    </ClCompile>
    <ClCompile Include="P6153 询问cpp.cpp">
      <Filter>源文件</Filter>
    </ClCompile>
    <ClCompile Include="正式弟子.cpp">
      <Filter>源文件</Filter>
    </ClCompile>
    <ClCompile Include="新九九乘法表.cpp">
      <Filter>源文件</Filter>
    </ClCompile>
    <ClCompile Include="寻找计算鸭.cpp">
      <Filter>源文件</Filter>
    </ClCompile>
    <ClCompile Include="比赛奖励.cpp">
      <Filter>源文件</Filter>
    </ClCompile>
    <ClCompile Include="座位分配.cpp">
      <Filter>源文件</Filter>
    </ClCompile>
    <ClCompile Include="First blood.cpp">
      <Filter>源文件</Filter>
    </ClCompile>
    <ClCompile Include="P1796 汤姆斯的天堂梦.cpp">
      <Filter>源文件</Filter>
    </ClCompile>
    <ClCompile Include="P7960 [NOIP2021] 报数.cpp">
      <Filter>源文件</Filter>
    </ClCompile>
    <ClCompile Include="P4615 [COCI2017-2018No.5] Birokracija.cpp">
      <Filter>源文件</Filter>
    </ClCompile>
    <ClCompile Include="calc.cpp">
      <Filter>源文件</Filter>
    </ClCompile>
    <ClCompile Include="card.cpp">
      <Filter>源文件</Filter>
    </ClCompile>
    <ClCompile Include="score.cpp">
      <Filter>源文件</Filter>
    </ClCompile>
    <ClCompile Include="Magenta Potion.cpp">
      <Filter>源文件</Filter>
    </ClCompile>
    <ClCompile Include="parsey.cpp">
      <Filter>源文件</Filter>
    </ClCompile>
    <ClCompile Include="P1276 校门外的树（增强版）.cpp">
      <Filter>源文件</Filter>
    </ClCompile>
    <ClCompile Include="B3643 图的存储.cpp">
      <Filter>源文件</Filter>
    </ClCompile>
    <ClCompile Include="B3625 迷宫寻路.cpp">
      <Filter>源文件</Filter>
    </ClCompile>
    <ClCompile Include="B3635 硬币问题.cpp">
      <Filter>源文件</Filter>
    </ClCompile>
    <ClCompile Include="B3626 跳跃机器人.cpp">
      <Filter>源文件</Filter>
    </ClCompile>
  </ItemGroup>
</Project>