<?xml version="1.0" encoding="utf-8"?>
<Project ToolsVersion="4.0" xmlns="http://schemas.microsoft.com/developer/msbuild/2003">
  <ItemGroup>
    <Filter Include="源文件">
      <UniqueIdentifier>{4FC737F1-C7A5-4376-A066-2A32D752A2FF}</UniqueIdentifier>
      <Extensions>cpp;c;cc;cxx;c++;cppm;ixx;def;odl;idl;hpj;bat;asm;asmx</Extensions>
    </Filter>
    <Filter Include="头文件">
      <UniqueIdentifier>{93995380-89BD-4b04-88EB-625FBE52EBFB}</UniqueIdentifier>
      <Extensions>h;hh;hpp;hxx;h++;hm;inl;inc;ipp;xsd</Extensions>
    </Filter>
    <Filter Include="资源文件">
      <UniqueIdentifier>{67DA6AB6-F800-4c08-8B7A-83BB121AAD01}</UniqueIdentifier>
      <Extensions>rc;ico;cur;bmp;dlg;rc2;rct;bin;rgs;gif;jpg;jpeg;jpe;resx;tiff;tif;png;wav;mfcribbon-ms</Extensions>
    </Filter>
  </ItemGroup>
  <ItemGroup>
    <ClCompile Include="打分.cpp">
      <Filter>源文件</Filter>
    </ClCompile>
    <ClCompile Include="杨辉三角.cpp">
      <Filter>源文件</Filter>
    </ClCompile>
    <ClCompile Include="压缩技术.cpp">
      <Filter>源文件</Filter>
    </ClCompile>
    <ClCompile Include="猴子吃桃.cpp">
      <Filter>源文件</Filter>
    </ClCompile>
    <ClCompile Include="最厉害的学生.cpp">
      <Filter>源文件</Filter>
    </ClCompile>
    <ClCompile Include="快速排序.cpp">
      <Filter>源文件</Filter>
    </ClCompile>
    <ClCompile Include="选数.cpp">
      <Filter>源文件</Filter>
    </ClCompile>
    <ClCompile Include="赦免战俘.cpp">
      <Filter>源文件</Filter>
    </ClCompile>
    <ClCompile Include="乒乓球.cpp">
      <Filter>源文件</Filter>
    </ClCompile>
    <ClCompile Include="生活大爆炸版石头剪刀布.cpp">
      <Filter>源文件</Filter>
    </ClCompile>
    <ClCompile Include="两只塔姆沃斯牛.cpp">
      <Filter>源文件</Filter>
    </ClCompile>
    <ClCompile Include="字符串的展开.cpp">
      <Filter>源文件</Filter>
    </ClCompile>
    <ClCompile Include="分数线划定.cpp">
      <Filter>源文件</Filter>
    </ClCompile>
    <ClCompile Include="Bookshelf B.cpp">
      <Filter>源文件</Filter>
    </ClCompile>
    <ClCompile Include="宇宙总统.cpp">
      <Filter>源文件</Filter>
    </ClCompile>
    <ClCompile Include="P1065 [NOIP2006 提高组] 作业调度方案.cpp">
      <Filter>源文件</Filter>
    </ClCompile>
    <ClCompile Include="AxB Problem.cpp">
      <Filter>源文件</Filter>
    </ClCompile>
    <ClCompile Include="高精度除法.cpp">
      <Filter>源文件</Filter>
    </ClCompile>
    <ClCompile Include="AXB2.cpp">
      <Filter>源文件</Filter>
    </ClCompile>
    <ClCompile Include="AXB3.cpp">
      <Filter>源文件</Filter>
    </ClCompile>
    <ClCompile Include="P1110.cpp">
      <Filter>源文件</Filter>
    </ClCompile>
    <ClCompile Include="P1786 帮贡排序.cpp">
      <Filter>源文件</Filter>
    </ClCompile>
    <ClCompile Include="P1923 【深基9.例4】求第 k 小的数.cpp">
      <Filter>源文件</Filter>
    </ClCompile>
    <ClCompile Include="MM的随机数.cpp">
      <Filter>源文件</Filter>
    </ClCompile>
    <ClCompile Include="车厢重组.cpp">
      <Filter>源文件</Filter>
    </ClCompile>
    <ClCompile Include="攀爬者.cpp">
      <Filter>源文件</Filter>
    </ClCompile>
  </ItemGroup>
  <ItemGroup>
    <None Include="P1923 【深基9.例4】求第 k 小的数" />
  </ItemGroup>
</Project>