
Microsoft Visual Studio Solution File, Format Version 12.00
# Visual Studio Version 17
VisualStudioVersion = 17.2.32526.322
MinimumVisualStudioVersion = 10.0.40219.1
Project("{8BC9CEB8-8B4A-11D0-8D11-00A0C91BC942}") = "作业", "..\作业\作业\作业.vcxproj", "{455B8757-FB94-4510-BDE3-60B324CEB645}"
EndProject
Project("{8BC9CEB8-8B4A-11D0-8D11-00A0C91BC942}") = "作业2", "..\作业2\作业2\作业2.vcxproj", "{F269BDB4-120E-4B91-8F35-875D6FE0879E}"
EndProject
Project("{8BC9CEB8-8B4A-11D0-8D11-00A0C91BC942}") = "作业3", "..\作业3\作业3\作业3.vcxproj", "{E406D9F3-9719-49A7-96F6-8455B4F31D9D}"
EndProject
Project("{8BC9CEB8-8B4A-11D0-8D11-00A0C91BC942}") = "作业4", "..\作业4\作业4\作业4.vcxproj", "{966693D2-1B34-4132-8383-0940A52BCC3A}"
EndProject
Project("{8BC9CEB8-8B4A-11D0-8D11-00A0C91BC942}") = "作业5", "..\作业5\作业5\作业5.vcxproj", "{7435C2CE-8AD5-48BE-A012-1690BC18326D}"
EndProject
Project("{8BC9CEB8-8B4A-11D0-8D11-00A0C91BC942}") = "作业6", "..\作业6\作业6\作业6.vcxproj", "{567977D1-BC3D-471E-A0DA-7D48D7BA9AB2}"
EndProject
Project("{8BC9CEB8-8B4A-11D0-8D11-00A0C91BC942}") = "作业7", "..\作业7\作业7\作业7.vcxproj", "{029429F0-AC58-4BB6-9801-13D4CD851C03}"
EndProject
Project("{8BC9CEB8-8B4A-11D0-8D11-00A0C91BC942}") = "作业8", "..\作业8\作业8.vcxproj", "{A57C85B7-9A3E-4228-994D-7407EBBF4C6A}"
EndProject
Project("{888888A0-9F3D-457C-B088-3A5042F75D52}") = "PythonApplication1", "..\..\Python\PythonApplication1\PythonApplication1\PythonApplication1.pyproj", "{AA33A4FB-DC6D-4A02-9CDA-CEF60D551EDF}"
EndProject
Project("{8BC9CEB8-8B4A-11D0-8D11-00A0C91BC942}") = "作业9", "..\作业9\作业9.vcxproj", "{34CF160B-3E59-48FE-936B-938FA9F2A29E}"
EndProject
Project("{8BC9CEB8-8B4A-11D0-8D11-00A0C91BC942}") = "TEST", "..\TEST\TEST.vcxproj", "{C6CBE4E9-3FD4-43E4-A70C-5CE0538715F6}"
EndProject
Project("{8BC9CEB8-8B4A-11D0-8D11-00A0C91BC942}") = "作业10", "..\作业10\作业10.vcxproj", "{096F1A06-7C1E-44F5-BACB-9CC588FAB9E7}"
EndProject
Project("{888888A0-9F3D-457C-B088-3A5042F75D52}") = "PythonApplication2", "..\..\Python\PythonApplication2\PythonApplication2.pyproj", "{2233A59B-F06D-43C6-BFE4-BFBBE3C32E50}"
EndProject
Project("{888888A0-9F3D-457C-B088-3A5042F75D52}") = "PythonApplication3", "..\..\Python\PythonApplication3\PythonApplication3.pyproj", "{6411690D-1722-4DB8-A3A0-6A2D48CD8D8A}"
EndProject
Project("{8BC9CEB8-8B4A-11D0-8D11-00A0C91BC942}") = "作业11", "..\作业11\作业11.vcxproj", "{17E37945-B514-4014-9C96-32660F3895E4}"
EndProject
Project("{8BC9CEB8-8B4A-11D0-8D11-00A0C91BC942}") = "作业13", "..\作业13\作业13.vcxproj", "{33E8DFBE-68B6-48AA-820F-06B5D91D4E6B}"
EndProject
Global
	GlobalSection(SolutionConfigurationPlatforms) = preSolution
		Debug|Any CPU = Debug|Any CPU
		Debug|x64 = Debug|x64
		Debug|x86 = Debug|x86
		Release|Any CPU = Release|Any CPU
		Release|x64 = Release|x64
		Release|x86 = Release|x86
	EndGlobalSection
	GlobalSection(ProjectConfigurationPlatforms) = postSolution
		{455B8757-FB94-4510-BDE3-60B324CEB645}.Debug|Any CPU.ActiveCfg = Debug|Win32
		{455B8757-FB94-4510-BDE3-60B324CEB645}.Debug|x64.ActiveCfg = Debug|x64
		{455B8757-FB94-4510-BDE3-60B324CEB645}.Debug|x64.Build.0 = Debug|x64
		{455B8757-FB94-4510-BDE3-60B324CEB645}.Debug|x86.ActiveCfg = Debug|Win32
		{455B8757-FB94-4510-BDE3-60B324CEB645}.Debug|x86.Build.0 = Debug|Win32
		{455B8757-FB94-4510-BDE3-60B324CEB645}.Release|Any CPU.ActiveCfg = Release|Win32
		{455B8757-FB94-4510-BDE3-60B324CEB645}.Release|x64.ActiveCfg = Release|x64
		{455B8757-FB94-4510-BDE3-60B324CEB645}.Release|x64.Build.0 = Release|x64
		{455B8757-FB94-4510-BDE3-60B324CEB645}.Release|x86.ActiveCfg = Release|Win32
		{455B8757-FB94-4510-BDE3-60B324CEB645}.Release|x86.Build.0 = Release|Win32
		{F269BDB4-120E-4B91-8F35-875D6FE0879E}.Debug|Any CPU.ActiveCfg = Debug|Win32
		{F269BDB4-120E-4B91-8F35-875D6FE0879E}.Debug|x64.ActiveCfg = Debug|x64
		{F269BDB4-120E-4B91-8F35-875D6FE0879E}.Debug|x64.Build.0 = Debug|x64
		{F269BDB4-120E-4B91-8F35-875D6FE0879E}.Debug|x86.ActiveCfg = Debug|Win32
		{F269BDB4-120E-4B91-8F35-875D6FE0879E}.Debug|x86.Build.0 = Debug|Win32
		{F269BDB4-120E-4B91-8F35-875D6FE0879E}.Release|Any CPU.ActiveCfg = Release|Win32
		{F269BDB4-120E-4B91-8F35-875D6FE0879E}.Release|x64.ActiveCfg = Release|x64
		{F269BDB4-120E-4B91-8F35-875D6FE0879E}.Release|x64.Build.0 = Release|x64
		{F269BDB4-120E-4B91-8F35-875D6FE0879E}.Release|x86.ActiveCfg = Release|Win32
		{F269BDB4-120E-4B91-8F35-875D6FE0879E}.Release|x86.Build.0 = Release|Win32
		{E406D9F3-9719-49A7-96F6-8455B4F31D9D}.Debug|Any CPU.ActiveCfg = Debug|Win32
		{E406D9F3-9719-49A7-96F6-8455B4F31D9D}.Debug|x64.ActiveCfg = Debug|x64
		{E406D9F3-9719-49A7-96F6-8455B4F31D9D}.Debug|x64.Build.0 = Debug|x64
		{E406D9F3-9719-49A7-96F6-8455B4F31D9D}.Debug|x86.ActiveCfg = Debug|Win32
		{E406D9F3-9719-49A7-96F6-8455B4F31D9D}.Debug|x86.Build.0 = Debug|Win32
		{E406D9F3-9719-49A7-96F6-8455B4F31D9D}.Release|Any CPU.ActiveCfg = Release|Win32
		{E406D9F3-9719-49A7-96F6-8455B4F31D9D}.Release|x64.ActiveCfg = Release|x64
		{E406D9F3-9719-49A7-96F6-8455B4F31D9D}.Release|x64.Build.0 = Release|x64
		{E406D9F3-9719-49A7-96F6-8455B4F31D9D}.Release|x86.ActiveCfg = Release|Win32
		{E406D9F3-9719-49A7-96F6-8455B4F31D9D}.Release|x86.Build.0 = Release|Win32
		{966693D2-1B34-4132-8383-0940A52BCC3A}.Debug|Any CPU.ActiveCfg = Debug|Win32
		{966693D2-1B34-4132-8383-0940A52BCC3A}.Debug|x64.ActiveCfg = Debug|x64
		{966693D2-1B34-4132-8383-0940A52BCC3A}.Debug|x64.Build.0 = Debug|x64
		{966693D2-1B34-4132-8383-0940A52BCC3A}.Debug|x86.ActiveCfg = Debug|Win32
		{966693D2-1B34-4132-8383-0940A52BCC3A}.Debug|x86.Build.0 = Debug|Win32
		{966693D2-1B34-4132-8383-0940A52BCC3A}.Release|Any CPU.ActiveCfg = Release|Win32
		{966693D2-1B34-4132-8383-0940A52BCC3A}.Release|x64.ActiveCfg = Release|x64
		{966693D2-1B34-4132-8383-0940A52BCC3A}.Release|x64.Build.0 = Release|x64
		{966693D2-1B34-4132-8383-0940A52BCC3A}.Release|x86.ActiveCfg = Release|Win32
		{966693D2-1B34-4132-8383-0940A52BCC3A}.Release|x86.Build.0 = Release|Win32
		{7435C2CE-8AD5-48BE-A012-1690BC18326D}.Debug|Any CPU.ActiveCfg = Debug|Win32
		{7435C2CE-8AD5-48BE-A012-1690BC18326D}.Debug|x64.ActiveCfg = Debug|x64
		{7435C2CE-8AD5-48BE-A012-1690BC18326D}.Debug|x64.Build.0 = Debug|x64
		{7435C2CE-8AD5-48BE-A012-1690BC18326D}.Debug|x86.ActiveCfg = Debug|Win32
		{7435C2CE-8AD5-48BE-A012-1690BC18326D}.Debug|x86.Build.0 = Debug|Win32
		{7435C2CE-8AD5-48BE-A012-1690BC18326D}.Release|Any CPU.ActiveCfg = Release|Win32
		{7435C2CE-8AD5-48BE-A012-1690BC18326D}.Release|x64.ActiveCfg = Release|x64
		{7435C2CE-8AD5-48BE-A012-1690BC18326D}.Release|x64.Build.0 = Release|x64
		{7435C2CE-8AD5-48BE-A012-1690BC18326D}.Release|x86.ActiveCfg = Release|Win32
		{7435C2CE-8AD5-48BE-A012-1690BC18326D}.Release|x86.Build.0 = Release|Win32
		{567977D1-BC3D-471E-A0DA-7D48D7BA9AB2}.Debug|Any CPU.ActiveCfg = Debug|Win32
		{567977D1-BC3D-471E-A0DA-7D48D7BA9AB2}.Debug|x64.ActiveCfg = Debug|x64
		{567977D1-BC3D-471E-A0DA-7D48D7BA9AB2}.Debug|x64.Build.0 = Debug|x64
		{567977D1-BC3D-471E-A0DA-7D48D7BA9AB2}.Debug|x86.ActiveCfg = Debug|Win32
		{567977D1-BC3D-471E-A0DA-7D48D7BA9AB2}.Debug|x86.Build.0 = Debug|Win32
		{567977D1-BC3D-471E-A0DA-7D48D7BA9AB2}.Release|Any CPU.ActiveCfg = Release|Win32
		{567977D1-BC3D-471E-A0DA-7D48D7BA9AB2}.Release|x64.ActiveCfg = Release|x64
		{567977D1-BC3D-471E-A0DA-7D48D7BA9AB2}.Release|x64.Build.0 = Release|x64
		{567977D1-BC3D-471E-A0DA-7D48D7BA9AB2}.Release|x86.ActiveCfg = Release|Win32
		{567977D1-BC3D-471E-A0DA-7D48D7BA9AB2}.Release|x86.Build.0 = Release|Win32
		{029429F0-AC58-4BB6-9801-13D4CD851C03}.Debug|Any CPU.ActiveCfg = Debug|Win32
		{029429F0-AC58-4BB6-9801-13D4CD851C03}.Debug|x64.ActiveCfg = Debug|x64
		{029429F0-AC58-4BB6-9801-13D4CD851C03}.Debug|x64.Build.0 = Debug|x64
		{029429F0-AC58-4BB6-9801-13D4CD851C03}.Debug|x86.ActiveCfg = Debug|Win32
		{029429F0-AC58-4BB6-9801-13D4CD851C03}.Debug|x86.Build.0 = Debug|Win32
		{029429F0-AC58-4BB6-9801-13D4CD851C03}.Release|Any CPU.ActiveCfg = Release|Win32
		{029429F0-AC58-4BB6-9801-13D4CD851C03}.Release|x64.ActiveCfg = Release|x64
		{029429F0-AC58-4BB6-9801-13D4CD851C03}.Release|x64.Build.0 = Release|x64
		{029429F0-AC58-4BB6-9801-13D4CD851C03}.Release|x86.ActiveCfg = Release|Win32
		{029429F0-AC58-4BB6-9801-13D4CD851C03}.Release|x86.Build.0 = Release|Win32
		{A57C85B7-9A3E-4228-994D-7407EBBF4C6A}.Debug|Any CPU.ActiveCfg = Debug|Win32
		{A57C85B7-9A3E-4228-994D-7407EBBF4C6A}.Debug|x64.ActiveCfg = Debug|x64
		{A57C85B7-9A3E-4228-994D-7407EBBF4C6A}.Debug|x64.Build.0 = Debug|x64
		{A57C85B7-9A3E-4228-994D-7407EBBF4C6A}.Debug|x86.ActiveCfg = Debug|Win32
		{A57C85B7-9A3E-4228-994D-7407EBBF4C6A}.Debug|x86.Build.0 = Debug|Win32
		{A57C85B7-9A3E-4228-994D-7407EBBF4C6A}.Release|Any CPU.ActiveCfg = Release|Win32
		{A57C85B7-9A3E-4228-994D-7407EBBF4C6A}.Release|x64.ActiveCfg = Release|x64
		{A57C85B7-9A3E-4228-994D-7407EBBF4C6A}.Release|x64.Build.0 = Release|x64
		{A57C85B7-9A3E-4228-994D-7407EBBF4C6A}.Release|x86.ActiveCfg = Release|Win32
		{A57C85B7-9A3E-4228-994D-7407EBBF4C6A}.Release|x86.Build.0 = Release|Win32
		{AA33A4FB-DC6D-4A02-9CDA-CEF60D551EDF}.Debug|Any CPU.ActiveCfg = Debug|Any CPU
		{AA33A4FB-DC6D-4A02-9CDA-CEF60D551EDF}.Debug|x64.ActiveCfg = Debug|Any CPU
		{AA33A4FB-DC6D-4A02-9CDA-CEF60D551EDF}.Debug|x86.ActiveCfg = Debug|Any CPU
		{AA33A4FB-DC6D-4A02-9CDA-CEF60D551EDF}.Release|Any CPU.ActiveCfg = Release|Any CPU
		{AA33A4FB-DC6D-4A02-9CDA-CEF60D551EDF}.Release|x64.ActiveCfg = Release|Any CPU
		{AA33A4FB-DC6D-4A02-9CDA-CEF60D551EDF}.Release|x86.ActiveCfg = Release|Any CPU
		{34CF160B-3E59-48FE-936B-938FA9F2A29E}.Debug|Any CPU.ActiveCfg = Debug|Win32
		{34CF160B-3E59-48FE-936B-938FA9F2A29E}.Debug|x64.ActiveCfg = Debug|x64
		{34CF160B-3E59-48FE-936B-938FA9F2A29E}.Debug|x64.Build.0 = Debug|x64
		{34CF160B-3E59-48FE-936B-938FA9F2A29E}.Debug|x86.ActiveCfg = Debug|Win32
		{34CF160B-3E59-48FE-936B-938FA9F2A29E}.Debug|x86.Build.0 = Debug|Win32
		{34CF160B-3E59-48FE-936B-938FA9F2A29E}.Release|Any CPU.ActiveCfg = Release|Win32
		{34CF160B-3E59-48FE-936B-938FA9F2A29E}.Release|x64.ActiveCfg = Release|x64
		{34CF160B-3E59-48FE-936B-938FA9F2A29E}.Release|x64.Build.0 = Release|x64
		{34CF160B-3E59-48FE-936B-938FA9F2A29E}.Release|x86.ActiveCfg = Release|Win32
		{34CF160B-3E59-48FE-936B-938FA9F2A29E}.Release|x86.Build.0 = Release|Win32
		{C6CBE4E9-3FD4-43E4-A70C-5CE0538715F6}.Debug|Any CPU.ActiveCfg = Debug|Win32
		{C6CBE4E9-3FD4-43E4-A70C-5CE0538715F6}.Debug|x64.ActiveCfg = Debug|x64
		{C6CBE4E9-3FD4-43E4-A70C-5CE0538715F6}.Debug|x64.Build.0 = Debug|x64
		{C6CBE4E9-3FD4-43E4-A70C-5CE0538715F6}.Debug|x86.ActiveCfg = Debug|Win32
		{C6CBE4E9-3FD4-43E4-A70C-5CE0538715F6}.Debug|x86.Build.0 = Debug|Win32
		{C6CBE4E9-3FD4-43E4-A70C-5CE0538715F6}.Release|Any CPU.ActiveCfg = Release|Win32
		{C6CBE4E9-3FD4-43E4-A70C-5CE0538715F6}.Release|x64.ActiveCfg = Release|x64
		{C6CBE4E9-3FD4-43E4-A70C-5CE0538715F6}.Release|x64.Build.0 = Release|x64
		{C6CBE4E9-3FD4-43E4-A70C-5CE0538715F6}.Release|x86.ActiveCfg = Release|Win32
		{C6CBE4E9-3FD4-43E4-A70C-5CE0538715F6}.Release|x86.Build.0 = Release|Win32
		{096F1A06-7C1E-44F5-BACB-9CC588FAB9E7}.Debug|Any CPU.ActiveCfg = Debug|x64
		{096F1A06-7C1E-44F5-BACB-9CC588FAB9E7}.Debug|Any CPU.Build.0 = Debug|x64
		{096F1A06-7C1E-44F5-BACB-9CC588FAB9E7}.Debug|x64.ActiveCfg = Debug|x64
		{096F1A06-7C1E-44F5-BACB-9CC588FAB9E7}.Debug|x64.Build.0 = Debug|x64
		{096F1A06-7C1E-44F5-BACB-9CC588FAB9E7}.Debug|x86.ActiveCfg = Debug|Win32
		{096F1A06-7C1E-44F5-BACB-9CC588FAB9E7}.Debug|x86.Build.0 = Debug|Win32
		{096F1A06-7C1E-44F5-BACB-9CC588FAB9E7}.Release|Any CPU.ActiveCfg = Release|x64
		{096F1A06-7C1E-44F5-BACB-9CC588FAB9E7}.Release|Any CPU.Build.0 = Release|x64
		{096F1A06-7C1E-44F5-BACB-9CC588FAB9E7}.Release|x64.ActiveCfg = Release|x64
		{096F1A06-7C1E-44F5-BACB-9CC588FAB9E7}.Release|x64.Build.0 = Release|x64
		{096F1A06-7C1E-44F5-BACB-9CC588FAB9E7}.Release|x86.ActiveCfg = Release|Win32
		{096F1A06-7C1E-44F5-BACB-9CC588FAB9E7}.Release|x86.Build.0 = Release|Win32
		{2233A59B-F06D-43C6-BFE4-BFBBE3C32E50}.Debug|Any CPU.ActiveCfg = Debug|Any CPU
		{2233A59B-F06D-43C6-BFE4-BFBBE3C32E50}.Debug|x64.ActiveCfg = Debug|Any CPU
		{2233A59B-F06D-43C6-BFE4-BFBBE3C32E50}.Debug|x86.ActiveCfg = Debug|Any CPU
		{2233A59B-F06D-43C6-BFE4-BFBBE3C32E50}.Release|Any CPU.ActiveCfg = Release|Any CPU
		{2233A59B-F06D-43C6-BFE4-BFBBE3C32E50}.Release|x64.ActiveCfg = Release|Any CPU
		{2233A59B-F06D-43C6-BFE4-BFBBE3C32E50}.Release|x86.ActiveCfg = Release|Any CPU
		{6411690D-1722-4DB8-A3A0-6A2D48CD8D8A}.Debug|Any CPU.ActiveCfg = Debug|Any CPU
		{6411690D-1722-4DB8-A3A0-6A2D48CD8D8A}.Debug|x64.ActiveCfg = Debug|Any CPU
		{6411690D-1722-4DB8-A3A0-6A2D48CD8D8A}.Debug|x86.ActiveCfg = Debug|Any CPU
		{6411690D-1722-4DB8-A3A0-6A2D48CD8D8A}.Release|Any CPU.ActiveCfg = Release|Any CPU
		{6411690D-1722-4DB8-A3A0-6A2D48CD8D8A}.Release|x64.ActiveCfg = Release|Any CPU
		{6411690D-1722-4DB8-A3A0-6A2D48CD8D8A}.Release|x86.ActiveCfg = Release|Any CPU
		{17E37945-B514-4014-9C96-32660F3895E4}.Debug|Any CPU.ActiveCfg = Debug|x64
		{17E37945-B514-4014-9C96-32660F3895E4}.Debug|Any CPU.Build.0 = Debug|x64
		{17E37945-B514-4014-9C96-32660F3895E4}.Debug|x64.ActiveCfg = Debug|x64
		{17E37945-B514-4014-9C96-32660F3895E4}.Debug|x64.Build.0 = Debug|x64
		{17E37945-B514-4014-9C96-32660F3895E4}.Debug|x86.ActiveCfg = Debug|Win32
		{17E37945-B514-4014-9C96-32660F3895E4}.Debug|x86.Build.0 = Debug|Win32
		{17E37945-B514-4014-9C96-32660F3895E4}.Release|Any CPU.ActiveCfg = Release|x64
		{17E37945-B514-4014-9C96-32660F3895E4}.Release|Any CPU.Build.0 = Release|x64
		{17E37945-B514-4014-9C96-32660F3895E4}.Release|x64.ActiveCfg = Release|x64
		{17E37945-B514-4014-9C96-32660F3895E4}.Release|x64.Build.0 = Release|x64
		{17E37945-B514-4014-9C96-32660F3895E4}.Release|x86.ActiveCfg = Release|Win32
		{17E37945-B514-4014-9C96-32660F3895E4}.Release|x86.Build.0 = Release|Win32
		{33E8DFBE-68B6-48AA-820F-06B5D91D4E6B}.Debug|Any CPU.ActiveCfg = Debug|x64
		{33E8DFBE-68B6-48AA-820F-06B5D91D4E6B}.Debug|Any CPU.Build.0 = Debug|x64
		{33E8DFBE-68B6-48AA-820F-06B5D91D4E6B}.Debug|x64.ActiveCfg = Debug|x64
		{33E8DFBE-68B6-48AA-820F-06B5D91D4E6B}.Debug|x64.Build.0 = Debug|x64
		{33E8DFBE-68B6-48AA-820F-06B5D91D4E6B}.Debug|x86.ActiveCfg = Debug|Win32
		{33E8DFBE-68B6-48AA-820F-06B5D91D4E6B}.Debug|x86.Build.0 = Debug|Win32
		{33E8DFBE-68B6-48AA-820F-06B5D91D4E6B}.Release|Any CPU.ActiveCfg = Release|x64
		{33E8DFBE-68B6-48AA-820F-06B5D91D4E6B}.Release|Any CPU.Build.0 = Release|x64
		{33E8DFBE-68B6-48AA-820F-06B5D91D4E6B}.Release|x64.ActiveCfg = Release|x64
		{33E8DFBE-68B6-48AA-820F-06B5D91D4E6B}.Release|x64.Build.0 = Release|x64
		{33E8DFBE-68B6-48AA-820F-06B5D91D4E6B}.Release|x86.ActiveCfg = Release|Win32
		{33E8DFBE-68B6-48AA-820F-06B5D91D4E6B}.Release|x86.Build.0 = Release|Win32
	EndGlobalSection
	GlobalSection(SolutionProperties) = preSolution
		HideSolutionNode = FALSE
	EndGlobalSection
	GlobalSection(ExtensibilityGlobals) = postSolution
		SolutionGuid = {A8111C5B-EF0D-42BB-8381-1CE239F5A36A}
	EndGlobalSection
EndGlobal
